// !$*UTF8*$!
{
	archiveVersion = 1;
	classes = {
	};
	objectVersion = 50;
	objects = {

/* Begin PBXBuildFile section */
		807B47B2260EA6ED0091823B /* AppDelegate.swift in Sources */ = {isa = PBXBuildFile; fileRef = 807B47B1260EA6ED0091823B /* AppDelegate.swift */; };
		807B47BB260EA6F00091823B /* Assets.xcassets in Resources */ = {isa = PBXBuildFile; fileRef = 807B47BA260EA6F00091823B /* Assets.xcassets */; };
		807B47BE260EA6F00091823B /* LaunchScreen.storyboard in Resources */ = {isa = PBXBuildFile; fileRef = 807B47BC260EA6F00091823B /* LaunchScreen.storyboard */; };
		807B47C9260EA6F00091823B /* CombineLoginTests.swift in Sources */ = {isa = PBXBuildFile; fileRef = 807B47C8260EA6F00091823B /* CombineLoginTests.swift */; };
		807B47E5260EA7320091823B /* LoginCoordinator.swift in Sources */ = {isa = PBXBuildFile; fileRef = 807B47E4260EA7320091823B /* LoginCoordinator.swift */; };
		807B47ED260EA7C00091823B /* LoginViewController.swift in Sources */ = {isa = PBXBuildFile; fileRef = 807B47EC260EA7C00091823B /* LoginViewController.swift */; };
		807B47F5260EA7CE0091823B /* LoginViewModel.swift in Sources */ = {isa = PBXBuildFile; fileRef = 807B47F4260EA7CE0091823B /* LoginViewModel.swift */; };
		807B48022610E6700091823B /* ControlPublisher.swift in Sources */ = {isa = PBXBuildFile; fileRef = 807B48012610E6700091823B /* ControlPublisher.swift */; };
		807B48072610E80C0091823B /* UITextField+Combine.swift in Sources */ = {isa = PBXBuildFile; fileRef = 807B48062610E80C0091823B /* UITextField+Combine.swift */; };
		80CE3BED2619B6AE003C7820 /* ControlSubscription.swift in Sources */ = {isa = PBXBuildFile; fileRef = 80CE3BEC2619B6AE003C7820 /* ControlSubscription.swift */; };
		80CE3BF32619B75D003C7820 /* ControlEvent.swift in Sources */ = {isa = PBXBuildFile; fileRef = 80CE3BF22619B75D003C7820 /* ControlEvent.swift */; };
		80CE3BF92619C2E5003C7820 /* UIColor+Hex.swift in Sources */ = {isa = PBXBuildFile; fileRef = 80CE3BF82619C2E5003C7820 /* UIColor+Hex.swift */; };
		80F500C72617632400428E1D /* CatViewController.swift in Sources */ = {isa = PBXBuildFile; fileRef = 80F500C62617632400428E1D /* CatViewController.swift */; };
		80F500D42617728100428E1D /* LoginViewModelTests.swift in Sources */ = {isa = PBXBuildFile; fileRef = 80F500D32617728100428E1D /* LoginViewModelTests.swift */; };
/* End PBXBuildFile section */

/* Begin PBXContainerItemProxy section */
		807B47C5260EA6F00091823B /* PBXContainerItemProxy */ = {
			isa = PBXContainerItemProxy;
			containerPortal = 807B47A6260EA6ED0091823B /* Project object */;
			proxyType = 1;
			remoteGlobalIDString = 807B47AD260EA6ED0091823B;
			remoteInfo = CombineLogin;
		};
/* End PBXContainerItemProxy section */

/* Begin PBXFileReference section */
		807B47AE260EA6ED0091823B /* CombineLogin.app */ = {isa = PBXFileReference; explicitFileType = wrapper.application; includeInIndex = 0; path = CombineLogin.app; sourceTree = BUILT_PRODUCTS_DIR; };
		807B47B1260EA6ED0091823B /* AppDelegate.swift */ = {isa = PBXFileReference; lastKnownFileType = sourcecode.swift; path = AppDelegate.swift; sourceTree = "<group>"; };
		807B47BA260EA6F00091823B /* Assets.xcassets */ = {isa = PBXFileReference; lastKnownFileType = folder.assetcatalog; path = Assets.xcassets; sourceTree = "<group>"; };
		807B47BD260EA6F00091823B /* Base */ = {isa = PBXFileReference; lastKnownFileType = file.storyboard; name = Base; path = Base.lproj/LaunchScreen.storyboard; sourceTree = "<group>"; };
		807B47BF260EA6F00091823B /* Info.plist */ = {isa = PBXFileReference; lastKnownFileType = text.plist.xml; path = Info.plist; sourceTree = "<group>"; };
		807B47C4260EA6F00091823B /* CombineLoginTests.xctest */ = {isa = PBXFileReference; explicitFileType = wrapper.cfbundle; includeInIndex = 0; path = CombineLoginTests.xctest; sourceTree = BUILT_PRODUCTS_DIR; };
		807B47C8260EA6F00091823B /* CombineLoginTests.swift */ = {isa = PBXFileReference; lastKnownFileType = sourcecode.swift; path = CombineLoginTests.swift; sourceTree = "<group>"; };
		807B47CA260EA6F00091823B /* Info.plist */ = {isa = PBXFileReference; lastKnownFileType = text.plist.xml; path = Info.plist; sourceTree = "<group>"; };
		807B47D3260EA6F00091823B /* CombineLoginUITests.swift */ = {isa = PBXFileReference; lastKnownFileType = sourcecode.swift; path = CombineLoginUITests.swift; sourceTree = "<group>"; };
		807B47D5260EA6F00091823B /* Info.plist */ = {isa = PBXFileReference; lastKnownFileType = text.plist.xml; path = Info.plist; sourceTree = "<group>"; };
		807B47E4260EA7320091823B /* LoginCoordinator.swift */ = {isa = PBXFileReference; lastKnownFileType = sourcecode.swift; path = LoginCoordinator.swift; sourceTree = "<group>"; };
		807B47EC260EA7C00091823B /* LoginViewController.swift */ = {isa = PBXFileReference; lastKnownFileType = sourcecode.swift; path = LoginViewController.swift; sourceTree = "<group>"; };
		807B47F4260EA7CE0091823B /* LoginViewModel.swift */ = {isa = PBXFileReference; lastKnownFileType = sourcecode.swift; path = LoginViewModel.swift; sourceTree = "<group>"; };
		807B48012610E6700091823B /* ControlPublisher.swift */ = {isa = PBXFileReference; lastKnownFileType = sourcecode.swift; path = ControlPublisher.swift; sourceTree = "<group>"; };
		807B48062610E80C0091823B /* UITextField+Combine.swift */ = {isa = PBXFileReference; lastKnownFileType = sourcecode.swift; path = "UITextField+Combine.swift"; sourceTree = "<group>"; };
		80CE3BEC2619B6AE003C7820 /* ControlSubscription.swift */ = {isa = PBXFileReference; lastKnownFileType = sourcecode.swift; path = ControlSubscription.swift; sourceTree = "<group>"; };
		80CE3BF22619B75D003C7820 /* ControlEvent.swift */ = {isa = PBXFileReference; fileEncoding = 4; lastKnownFileType = sourcecode.swift; path = ControlEvent.swift; sourceTree = "<group>"; };
		80CE3BF82619C2E5003C7820 /* UIColor+Hex.swift */ = {isa = PBXFileReference; lastKnownFileType = sourcecode.swift; path = "UIColor+Hex.swift"; sourceTree = "<group>"; };
		80F500C62617632400428E1D /* CatViewController.swift */ = {isa = PBXFileReference; lastKnownFileType = sourcecode.swift; path = CatViewController.swift; sourceTree = "<group>"; };
		80F500D32617728100428E1D /* LoginViewModelTests.swift */ = {isa = PBXFileReference; lastKnownFileType = sourcecode.swift; path = LoginViewModelTests.swift; sourceTree = "<group>"; };
/* End PBXFileReference section */

/* Begin PBXFrameworksBuildPhase section */
		807B47AB260EA6ED0091823B /* Frameworks */ = {
			isa = PBXFrameworksBuildPhase;
			buildActionMask = 2147483647;
			files = (
			);
			runOnlyForDeploymentPostprocessing = 0;
		};
		807B47C1260EA6F00091823B /* Frameworks */ = {
			isa = PBXFrameworksBuildPhase;
			buildActionMask = 2147483647;
			files = (
			);
			runOnlyForDeploymentPostprocessing = 0;
		};
/* End PBXFrameworksBuildPhase section */

/* Begin PBXGroup section */
		80690E5C261A309800035FF5 /* Login */ = {
			isa = PBXGroup;
			children = (
				807B47E4260EA7320091823B /* LoginCoordinator.swift */,
				807B47EC260EA7C00091823B /* LoginViewController.swift */,
				807B47F4260EA7CE0091823B /* LoginViewModel.swift */,
			);
			path = Login;
			sourceTree = "<group>";
		};
		80690E5F261A30A400035FF5 /* Combine */ = {
			isa = PBXGroup;
			children = (
				80CE3BF22619B75D003C7820 /* ControlEvent.swift */,
				807B48012610E6700091823B /* ControlPublisher.swift */,
				80CE3BEC2619B6AE003C7820 /* ControlSubscription.swift */,
			);
			path = Combine;
			sourceTree = "<group>";
		};
		80690E60261A30B700035FF5 /* Extensions */ = {
			isa = PBXGroup;
			children = (
				807B48062610E80C0091823B /* UITextField+Combine.swift */,
				80CE3BF82619C2E5003C7820 /* UIColor+Hex.swift */,
			);
			path = Extensions;
			sourceTree = "<group>";
		};
		80690E61261A30D300035FF5 /* Lola */ = {
			isa = PBXGroup;
			children = (
				80F500C62617632400428E1D /* CatViewController.swift */,
			);
			path = Lola;
			sourceTree = "<group>";
		};
		807B47A5260EA6ED0091823B = {
			isa = PBXGroup;
			children = (
				807B47B0260EA6ED0091823B /* CombineLogin */,
				807B47C7260EA6F00091823B /* CombineLoginTests */,
				807B47D2260EA6F00091823B /* CombineLoginUITests */,
				807B47AF260EA6ED0091823B /* Products */,
			);
			sourceTree = "<group>";
		};
		807B47AF260EA6ED0091823B /* Products */ = {
			isa = PBXGroup;
			children = (
				807B47AE260EA6ED0091823B /* CombineLogin.app */,
				807B47C4260EA6F00091823B /* CombineLoginTests.xctest */,
			);
			name = Products;
			sourceTree = "<group>";
		};
		807B47B0260EA6ED0091823B /* CombineLogin */ = {
			isa = PBXGroup;
			children = (
				807B47EB260EA7510091823B /* Source */,
				807B47EA260EA7410091823B /* Supporting Files */,
				807B47E9260EA73A0091823B /* Resources */,
			);
			path = CombineLogin;
			sourceTree = "<group>";
		};
		807B47C7260EA6F00091823B /* CombineLoginTests */ = {
			isa = PBXGroup;
			children = (
				807B47C8260EA6F00091823B /* CombineLoginTests.swift */,
				807B47CA260EA6F00091823B /* Info.plist */,
				80F500D32617728100428E1D /* LoginViewModelTests.swift */,
			);
			path = CombineLoginTests;
			sourceTree = "<group>";
		};
		807B47D2260EA6F00091823B /* CombineLoginUITests */ = {
			isa = PBXGroup;
			children = (
				807B47D3260EA6F00091823B /* CombineLoginUITests.swift */,
				807B47D5260EA6F00091823B /* Info.plist */,
			);
			path = CombineLoginUITests;
			sourceTree = "<group>";
		};
		807B47E9260EA73A0091823B /* Resources */ = {
			isa = PBXGroup;
			children = (
				807B47BC260EA6F00091823B /* LaunchScreen.storyboard */,
				807B47BF260EA6F00091823B /* Info.plist */,
				807B47BA260EA6F00091823B /* Assets.xcassets */,
			);
			path = Resources;
			sourceTree = "<group>";
		};
		807B47EA260EA7410091823B /* Supporting Files */ = {
			isa = PBXGroup;
			children = (
				807B47B1260EA6ED0091823B /* AppDelegate.swift */,
			);
			path = "Supporting Files";
			sourceTree = "<group>";
		};
		807B47EB260EA7510091823B /* Source */ = {
			isa = PBXGroup;
			children = (
				80690E61261A30D300035FF5 /* Lola */,
				80690E60261A30B700035FF5 /* Extensions */,
				80690E5F261A30A400035FF5 /* Combine */,
				80690E5C261A309800035FF5 /* Login */,
			);
			path = Source;
			sourceTree = "<group>";
		};
/* End PBXGroup section */

/* Begin PBXNativeTarget section */
		807B47AD260EA6ED0091823B /* CombineLogin */ = {
			isa = PBXNativeTarget;
			buildConfigurationList = 807B47D8260EA6F00091823B /* Build configuration list for PBXNativeTarget "CombineLogin" */;
			buildPhases = (
				807B47AA260EA6ED0091823B /* Sources */,
				807B47AB260EA6ED0091823B /* Frameworks */,
				807B47AC260EA6ED0091823B /* Resources */,
			);
			buildRules = (
			);
			dependencies = (
			);
			name = CombineLogin;
			productName = CombineLogin;
			productReference = 807B47AE260EA6ED0091823B /* CombineLogin.app */;
			productType = "com.apple.product-type.application";
		};
		807B47C3260EA6F00091823B /* CombineLoginTests */ = {
			isa = PBXNativeTarget;
			buildConfigurationList = 807B47DB260EA6F00091823B /* Build configuration list for PBXNativeTarget "CombineLoginTests" */;
			buildPhases = (
				807B47C0260EA6F00091823B /* Sources */,
				807B47C1260EA6F00091823B /* Frameworks */,
				807B47C2260EA6F00091823B /* Resources */,
			);
			buildRules = (
			);
			dependencies = (
				807B47C6260EA6F00091823B /* PBXTargetDependency */,
			);
			name = CombineLoginTests;
			productName = CombineLoginTests;
			productReference = 807B47C4260EA6F00091823B /* CombineLoginTests.xctest */;
			productType = "com.apple.product-type.bundle.unit-test";
		};
/* End PBXNativeTarget section */

/* Begin PBXProject section */
		807B47A6260EA6ED0091823B /* Project object */ = {
			isa = PBXProject;
			attributes = {
				LastSwiftUpdateCheck = 1220;
				LastUpgradeCheck = 1220;
				TargetAttributes = {
					807B47AD260EA6ED0091823B = {
						CreatedOnToolsVersion = 12.2;
					};
					807B47C3260EA6F00091823B = {
						CreatedOnToolsVersion = 12.2;
						TestTargetID = 807B47AD260EA6ED0091823B;
					};
				};
			};
			buildConfigurationList = 807B47A9260EA6ED0091823B /* Build configuration list for PBXProject "CombineLogin" */;
			compatibilityVersion = "Xcode 9.3";
			developmentRegion = en;
			hasScannedForEncodings = 0;
			knownRegions = (
				en,
				Base,
			);
			mainGroup = 807B47A5260EA6ED0091823B;
			productRefGroup = 807B47AF260EA6ED0091823B /* Products */;
			projectDirPath = "";
			projectRoot = "";
			targets = (
				807B47AD260EA6ED0091823B /* CombineLogin */,
				807B47C3260EA6F00091823B /* CombineLoginTests */,
			);
		};
/* End PBXProject section */

/* Begin PBXResourcesBuildPhase section */
		807B47AC260EA6ED0091823B /* Resources */ = {
			isa = PBXResourcesBuildPhase;
			buildActionMask = 2147483647;
			files = (
				807B47BE260EA6F00091823B /* LaunchScreen.storyboard in Resources */,
				807B47BB260EA6F00091823B /* Assets.xcassets in Resources */,
			);
			runOnlyForDeploymentPostprocessing = 0;
		};
		807B47C2260EA6F00091823B /* Resources */ = {
			isa = PBXResourcesBuildPhase;
			buildActionMask = 2147483647;
			files = (
			);
			runOnlyForDeploymentPostprocessing = 0;
		};
/* End PBXResourcesBuildPhase section */

/* Begin PBXSourcesBuildPhase section */
		807B47AA260EA6ED0091823B /* Sources */ = {
			isa = PBXSourcesBuildPhase;
			buildActionMask = 2147483647;
			files = (
				807B47B2260EA6ED0091823B /* AppDelegate.swift in Sources */,
				807B48072610E80C0091823B /* UITextField+Combine.swift in Sources */,
				807B47F5260EA7CE0091823B /* LoginViewModel.swift in Sources */,
				807B47E5260EA7320091823B /* LoginCoordinator.swift in Sources */,
				807B47ED260EA7C00091823B /* LoginViewController.swift in Sources */,
				80F500C72617632400428E1D /* CatViewController.swift in Sources */,
				807B48022610E6700091823B /* ControlPublisher.swift in Sources */,
				80CE3BF32619B75D003C7820 /* ControlEvent.swift in Sources */,
				80CE3BF92619C2E5003C7820 /* UIColor+Hex.swift in Sources */,
				80CE3BED2619B6AE003C7820 /* ControlSubscription.swift in Sources */,
			);
			runOnlyForDeploymentPostprocessing = 0;
		};
		807B47C0260EA6F00091823B /* Sources */ = {
			isa = PBXSourcesBuildPhase;
			buildActionMask = 2147483647;
			files = (
				80F500D42617728100428E1D /* LoginViewModelTests.swift in Sources */,
				807B47C9260EA6F00091823B /* CombineLoginTests.swift in Sources */,
			);
			runOnlyForDeploymentPostprocessing = 0;
		};
/* End PBXSourcesBuildPhase section */

/* Begin PBXTargetDependency section */
		807B47C6260EA6F00091823B /* PBXTargetDependency */ = {
			isa = PBXTargetDependency;
			target = 807B47AD260EA6ED0091823B /* CombineLogin */;
			targetProxy = 807B47C5260EA6F00091823B /* PBXContainerItemProxy */;
		};
/* End PBXTargetDependency section */

/* Begin PBXVariantGroup section */
		807B47BC260EA6F00091823B /* LaunchScreen.storyboard */ = {
			isa = PBXVariantGroup;
			children = (
				807B47BD260EA6F00091823B /* Base */,
			);
			name = LaunchScreen.storyboard;
			sourceTree = "<group>";
		};
/* End PBXVariantGroup section */

/* Begin XCBuildConfiguration section */
		807B47D6260EA6F00091823B /* Debug */ = {
			isa = XCBuildConfiguration;
			buildSettings = {
				ALWAYS_SEARCH_USER_PATHS = NO;
				CLANG_ANALYZER_NONNULL = YES;
				CLANG_ANALYZER_NUMBER_OBJECT_CONVERSION = YES_AGGRESSIVE;
				CLANG_CXX_LANGUAGE_STANDARD = "gnu++14";
				CLANG_CXX_LIBRARY = "libc++";
				CLANG_ENABLE_MODULES = YES;
				CLANG_ENABLE_OBJC_ARC = YES;
				CLANG_ENABLE_OBJC_WEAK = YES;
				CLANG_WARN_BLOCK_CAPTURE_AUTORELEASING = YES;
				CLANG_WARN_BOOL_CONVERSION = YES;
				CLANG_WARN_COMMA = YES;
				CLANG_WARN_CONSTANT_CONVERSION = YES;
				CLANG_WARN_DEPRECATED_OBJC_IMPLEMENTATIONS = YES;
				CLANG_WARN_DIRECT_OBJC_ISA_USAGE = YES_ERROR;
				CLANG_WARN_DOCUMENTATION_COMMENTS = YES;
				CLANG_WARN_EMPTY_BODY = YES;
				CLANG_WARN_ENUM_CONVERSION = YES;
				CLANG_WARN_INFINITE_RECURSION = YES;
				CLANG_WARN_INT_CONVERSION = YES;
				CLANG_WARN_NON_LITERAL_NULL_CONVERSION = YES;
				CLANG_WARN_OBJC_IMPLICIT_RETAIN_SELF = YES;
				CLANG_WARN_OBJC_LITERAL_CONVERSION = YES;
				CLANG_WARN_OBJC_ROOT_CLASS = YES_ERROR;
				CLANG_WARN_QUOTED_INCLUDE_IN_FRAMEWORK_HEADER = YES;
				CLANG_WARN_RANGE_LOOP_ANALYSIS = YES;
				CLANG_WARN_STRICT_PROTOTYPES = YES;
				CLANG_WARN_SUSPICIOUS_MOVE = YES;
				CLANG_WARN_UNGUARDED_AVAILABILITY = YES_AGGRESSIVE;
				CLANG_WARN_UNREACHABLE_CODE = YES;
				CLANG_WARN__DUPLICATE_METHOD_MATCH = YES;
				COPY_PHASE_STRIP = NO;
				DEBUG_INFORMATION_FORMAT = dwarf;
				ENABLE_STRICT_OBJC_MSGSEND = YES;
				ENABLE_TESTABILITY = YES;
				GCC_C_LANGUAGE_STANDARD = gnu11;
				GCC_DYNAMIC_NO_PIC = NO;
				GCC_NO_COMMON_BLOCKS = YES;
				GCC_OPTIMIZATION_LEVEL = 0;
				GCC_PREPROCESSOR_DEFINITIONS = (
					"DEBUG=1",
					"$(inherited)",
				);
				GCC_WARN_64_TO_32_BIT_CONVERSION = YES;
				GCC_WARN_ABOUT_RETURN_TYPE = YES_ERROR;
				GCC_WARN_UNDECLARED_SELECTOR = YES;
				GCC_WARN_UNINITIALIZED_AUTOS = YES_AGGRESSIVE;
				GCC_WARN_UNUSED_FUNCTION = YES;
				GCC_WARN_UNUSED_VARIABLE = YES;
				IPHONEOS_DEPLOYMENT_TARGET = 14.2;
				MTL_ENABLE_DEBUG_INFO = INCLUDE_SOURCE;
				MTL_FAST_MATH = YES;
				ONLY_ACTIVE_ARCH = YES;
				SDKROOT = iphoneos;
				SWIFT_ACTIVE_COMPILATION_CONDITIONS = DEBUG;
				SWIFT_OPTIMIZATION_LEVEL = "-Onone";
			};
			name = Debug;
		};
		807B47D7260EA6F00091823B /* Release */ = {
			isa = XCBuildConfiguration;
			buildSettings = {
				ALWAYS_SEARCH_USER_PATHS = NO;
				CLANG_ANALYZER_NONNULL = YES;
				CLANG_ANALYZER_NUMBER_OBJECT_CONVERSION = YES_AGGRESSIVE;
				CLANG_CXX_LANGUAGE_STANDARD = "gnu++14";
				CLANG_CXX_LIBRARY = "libc++";
				CLANG_ENABLE_MODULES = YES;
				CLANG_ENABLE_OBJC_ARC = YES;
				CLANG_ENABLE_OBJC_WEAK = YES;
				CLANG_WARN_BLOCK_CAPTURE_AUTORELEASING = YES;
				CLANG_WARN_BOOL_CONVERSION = YES;
				CLANG_WARN_COMMA = YES;
				CLANG_WARN_CONSTANT_CONVERSION = YES;
				CLANG_WARN_DEPRECATED_OBJC_IMPLEMENTATIONS = YES;
				CLANG_WARN_DIRECT_OBJC_ISA_USAGE = YES_ERROR;
				CLANG_WARN_DOCUMENTATION_COMMENTS = YES;
				CLANG_WARN_EMPTY_BODY = YES;
				CLANG_WARN_ENUM_CONVERSION = YES;
				CLANG_WARN_INFINITE_RECURSION = YES;
				CLANG_WARN_INT_CONVERSION = YES;
				CLANG_WARN_NON_LITERAL_NULL_CONVERSION = YES;
				CLANG_WARN_OBJC_IMPLICIT_RETAIN_SELF = YES;
				CLANG_WARN_OBJC_LITERAL_CONVERSION = YES;
				CLANG_WARN_OBJC_ROOT_CLASS = YES_ERROR;
				CLANG_WARN_QUOTED_INCLUDE_IN_FRAMEWORK_HEADER = YES;
				CLANG_WARN_RANGE_LOOP_ANALYSIS = YES;
				CLANG_WARN_STRICT_PROTOTYPES = YES;
				CLANG_WARN_SUSPICIOUS_MOVE = YES;
				CLANG_WARN_UNGUARDED_AVAILABILITY = YES_AGGRESSIVE;
				CLANG_WARN_UNREACHABLE_CODE = YES;
				CLANG_WARN__DUPLICATE_METHOD_MATCH = YES;
				COPY_PHASE_STRIP = NO;
				DEBUG_INFORMATION_FORMAT = "dwarf-with-dsym";
				ENABLE_NS_ASSERTIONS = NO;
				ENABLE_STRICT_OBJC_MSGSEND = YES;
				GCC_C_LANGUAGE_STANDARD = gnu11;
				GCC_NO_COMMON_BLOCKS = YES;
				GCC_WARN_64_TO_32_BIT_CONVERSION = YES;
				GCC_WARN_ABOUT_RETURN_TYPE = YES_ERROR;
				GCC_WARN_UNDECLARED_SELECTOR = YES;
				GCC_WARN_UNINITIALIZED_AUTOS = YES_AGGRESSIVE;
				GCC_WARN_UNUSED_FUNCTION = YES;
				GCC_WARN_UNUSED_VARIABLE = YES;
				IPHONEOS_DEPLOYMENT_TARGET = 14.2;
				MTL_ENABLE_DEBUG_INFO = NO;
				MTL_FAST_MATH = YES;
				SDKROOT = iphoneos;
				SWIFT_COMPILATION_MODE = wholemodule;
				SWIFT_OPTIMIZATION_LEVEL = "-O";
				VALIDATE_PRODUCT = YES;
			};
			name = Release;
		};
		807B47D9260EA6F00091823B /* Debug */ = {
			isa = XCBuildConfiguration;
			buildSettings = {
				ASSETCATALOG_COMPILER_APPICON_NAME = AppIcon;
				ASSETCATALOG_COMPILER_GLOBAL_ACCENT_COLOR_NAME = AccentColor;
				CODE_SIGN_STYLE = Automatic;
				DEVELOPMENT_TEAM = L9X9NTL2UH;
				INFOPLIST_FILE = "$(SRCROOT)/CombineLogin/Resources/Info.plist";
				LD_RUNPATH_SEARCH_PATHS = (
					"$(inherited)",
					"@executable_path/Frameworks",
				);
				PRODUCT_BUNDLE_IDENTIFIER = com.codebiscuits.CombineLogin;
				PRODUCT_NAME = "$(TARGET_NAME)";
				SWIFT_VERSION = 5.0;
				TARGETED_DEVICE_FAMILY = "1,2";
			};
			name = Debug;
		};
		807B47DA260EA6F00091823B /* Release */ = {
			isa = XCBuildConfiguration;
			buildSettings = {
				ASSETCATALOG_COMPILER_APPICON_NAME = AppIcon;
				ASSETCATALOG_COMPILER_GLOBAL_ACCENT_COLOR_NAME = AccentColor;
				CODE_SIGN_STYLE = Automatic;
				DEVELOPMENT_TEAM = L9X9NTL2UH;
				INFOPLIST_FILE = "$(SRCROOT)/CombineLogin/Resources/Info.plist";
				LD_RUNPATH_SEARCH_PATHS = (
					"$(inherited)",
					"@executable_path/Frameworks",
				);
				PRODUCT_BUNDLE_IDENTIFIER = com.codebiscuits.CombineLogin;
				PRODUCT_NAME = "$(TARGET_NAME)";
				SWIFT_VERSION = 5.0;
				TARGETED_DEVICE_FAMILY = "1,2";
			};
			name = Release;
		};
		807B47DC260EA6F00091823B /* Debug */ = {
			isa = XCBuildConfiguration;
			buildSettings = {
				ALWAYS_EMBED_SWIFT_STANDARD_LIBRARIES = YES;
				BUNDLE_LOADER = "$(TEST_HOST)";
				CODE_SIGN_STYLE = Automatic;
				DEVELOPMENT_TEAM = L9X9NTL2UH;
				INFOPLIST_FILE = CombineLoginTests/Info.plist;
				IPHONEOS_DEPLOYMENT_TARGET = 14.2;
				LD_RUNPATH_SEARCH_PATHS = (
					"$(inherited)",
					"@executable_path/Frameworks",
					"@loader_path/Frameworks",
				);
				PRODUCT_BUNDLE_IDENTIFIER = com.codebiscuits.CombineLoginTests;
				PRODUCT_NAME = "$(TARGET_NAME)";
				SWIFT_VERSION = 5.0;
				TARGETED_DEVICE_FAMILY = "1,2";
				TEST_HOST = "$(BUILT_PRODUCTS_DIR)/CombineLogin.app/CombineLogin";
			};
			name = Debug;
		};
		807B47DD260EA6F00091823B /* Release */ = {
			isa = XCBuildConfiguration;
			buildSettings = {
				ALWAYS_EMBED_SWIFT_STANDARD_LIBRARIES = YES;
				BUNDLE_LOADER = "$(TEST_HOST)";
				CODE_SIGN_STYLE = Automatic;
				DEVELOPMENT_TEAM = L9X9NTL2UH;
				INFOPLIST_FILE = CombineLoginTests/Info.plist;
				IPHONEOS_DEPLOYMENT_TARGET = 14.2;
				LD_RUNPATH_SEARCH_PATHS = (
					"$(inherited)",
					"@executable_path/Frameworks",
					"@loader_path/Frameworks",
				);
				PRODUCT_BUNDLE_IDENTIFIER = com.codebiscuits.CombineLoginTests;
				PRODUCT_NAME = "$(TARGET_NAME)";
				SWIFT_VERSION = 5.0;
				TARGETED_DEVICE_FAMILY = "1,2";
				TEST_HOST = "$(BUILT_PRODUCTS_DIR)/CombineLogin.app/CombineLogin";
			};
			name = Release;
		};
/* End XCBuildConfiguration section */

/* Begin XCConfigurationList section */
		807B47A9260EA6ED0091823B /* Build configuration list for PBXProject "CombineLogin" */ = {
			isa = XCConfigurationList;
			buildConfigurations = (
				807B47D6260EA6F00091823B /* Debug */,
				807B47D7260EA6F00091823B /* Release */,
			);
			defaultConfigurationIsVisible = 0;
			defaultConfigurationName = Release;
		};
		807B47D8260EA6F00091823B /* Build configuration list for PBXNativeTarget "CombineLogin" */ = {
			isa = XCConfigurationList;
			buildConfigurations = (
				807B47D9260EA6F00091823B /* Debug */,
				807B47DA260EA6F00091823B /* Release */,
			);
			defaultConfigurationIsVisible = 0;
			defaultConfigurationName = Release;
		};
		807B47DB260EA6F00091823B /* Build configuration list for PBXNativeTarget "CombineLoginTests" */ = {
			isa = XCConfigurationList;
			buildConfigurations = (
				807B47DC260EA6F00091823B /* Debug */,
				807B47DD260EA6F00091823B /* Release */,
			);
			defaultConfigurationIsVisible = 0;
			defaultConfigurationName = Release;
		};
/* End XCConfigurationList section */
	};
	rootObject = 807B47A6260EA6ED0091823B /* Project object */;
}
